
Microsoft Visual Studio Solution File, Format Version 12.00
# Visual Studio Version 17
VisualStudioVersion = 17.0.32014.148
MinimumVisualStudioVersion = 10.0.40219.1
Project("{FAE04EC0-301F-11D3-BF4B-00C04F79EFBC}") = "WindowsFormsApp3", "WindowsFormsApp3\WindowsFormsApp3.csproj", "{9E2EA9B0-BB75-4B0A-834B-D3D4F787B5FD}"
EndProject
Global
	GlobalSection(SolutionConfigurationPlatforms) = preSolution
		Debug|Any CPU = Debug|Any CPU
		Release|Any CPU = Release|Any CPU
	EndGlobalSection
	GlobalSection(ProjectConfigurationPlatforms) = postSolution
		{9E2EA9B0-BB75-4B0A-834B-D3D4F787B5FD}.Debug|Any CPU.ActiveCfg = Debug|Any CPU
		{9E2EA9B0-BB75-4B0A-834B-D3D4F787B5FD}.Debug|Any CPU.Build.0 = Debug|Any CPU
		{9E2EA9B0-BB75-4B0A-834B-D3D4F787B5FD}.Release|Any CPU.ActiveCfg = Release|Any CPU
		{9E2EA9B0-BB75-4B0A-834B-D3D4F787B5FD}.Release|Any CPU.Build.0 = Release|Any CPU
	EndGlobalSection
	GlobalSection(SolutionProperties) = preSolution
		HideSolutionNode = FALSE
	EndGlobalSection
	GlobalSection(ExtensibilityGlobals) = postSolution
		SolutionGuid = {F5051F77-F721-4E83-BB3C-BBBF1224F305}
	EndGlobalSection
EndGlobal
